{
  "version": 4,
  "terraform_version": "1.5.6",
  "serial": 3,
  "lineage": "5148a131-f121-edc3-5c60-0623361b3ad2",
  "outputs": {
    "instance_ip": {
      "value": "35.226.3.124",
      "type": "string"
    }
  },
  "resources": [
    {
      "mode": "managed",
      "type": "google_compute_instance",
      "name": "vm_instance",
      "provider": "provider[\"registry.terraform.io/hashicorp/google\"]",
      "instances": [
        {
          "schema_version": 6,
          "attributes": {
            "advanced_machine_features": [],
            "allow_stopping_for_update": null,
            "attached_disk": [],
            "boot_disk": [
              {
                "auto_delete": true,
                "device_name": "persistent-disk-0",
                "disk_encryption_key_raw": "",
                "disk_encryption_key_sha256": "",
                "initialize_params": [
                  {
                    "enable_confidential_compute": false,
                    "image": "https://www.googleapis.com/compute/v1/projects/debian-cloud/global/images/debian-10-buster-v20240515",
                    "labels": {},
                    "provisioned_iops": 0,
                    "provisioned_throughput": 0,
                    "resource_manager_tags": null,
                    "size": 10,
                    "type": "pd-standard"
                  }
                ],
                "kms_key_self_link": "",
                "mode": "READ_WRITE",
                "source": "https://www.googleapis.com/compute/v1/projects/genuine-rope-423613-a9/zones/us-central1-a/disks/example-instance"
              }
            ],
            "can_ip_forward": false,
            "confidential_instance_config": [],
            "cpu_platform": "Intel Haswell",
            "current_status": "RUNNING",
            "deletion_protection": false,
            "description": "",
            "desired_status": null,
            "effective_labels": {},
            "enable_display": false,
            "guest_accelerator": [],
            "hostname": "",
            "id": "projects/genuine-rope-423613-a9/zones/us-central1-a/instances/example-instance",
            "instance_id": "1340247691734908158",
            "label_fingerprint": "42WmSpB8rSM=",
            "labels": null,
            "machine_type": "n1-standard-1",
            "metadata": {
              "ssh-keys": "genuine-rope-423613-a9-2622e3b947a2.json:ssh-rsa AAAAB3NzaC1yc2EAAAADAQABAAABAQDFnAH8lYitDbOe0tffkgTUN+K23N6Tm1E/WqlDlkIhGlEC4d7zFfiiEF13wgoGm3IFwNOKc1pSpdUdhJvVlVEUr8uLzqVdJJeZNcHGntNZ1w8i6gK4kM1NDJ3q35hi71fmWLTtbk2V1Ss/YarQCdWVWtVBTE8o8vyG5Ic303z7XCFvY5d2gAh/Q4Dh4ho7eIQ0PUzJ2tb9YPPL8BEXzWilDVMj536/lApTzc6RJ9gLiNzN/W7oKHbhyrTXsQvo0ZEhwCEbIkYKdPLdmtn7tQ203omEggACYc4jxK0mYgZMYNZvoCPWwJ+vcOuropiviVnAyN4AYjCGjGxe+j+rv0R/ taner@mbp"
            },
            "metadata_fingerprint": "hRPNHimmq1U=",
            "metadata_startup_script": null,
            "min_cpu_platform": "",
            "name": "example-instance",
            "network_interface": [
              {
                "access_config": [
                  {
                    "nat_ip": "35.226.3.124",
                    "network_tier": "PREMIUM",
                    "public_ptr_domain_name": ""
                  }
                ],
                "alias_ip_range": [],
                "internal_ipv6_prefix_length": 0,
                "ipv6_access_config": [],
                "ipv6_access_type": "",
                "ipv6_address": "",
                "name": "nic0",
                "network": "https://www.googleapis.com/compute/v1/projects/genuine-rope-423613-a9/global/networks/default",
                "network_ip": "10.128.0.2",
                "nic_type": "",
                "queue_count": 0,
                "stack_type": "IPV4_ONLY",
                "subnetwork": "https://www.googleapis.com/compute/v1/projects/genuine-rope-423613-a9/regions/us-central1/subnetworks/default",
                "subnetwork_project": "genuine-rope-423613-a9"
              }
            ],
            "network_performance_config": [],
            "params": [],
            "project": "genuine-rope-423613-a9",
            "reservation_affinity": [],
            "resource_policies": null,
            "scheduling": [
              {
                "automatic_restart": true,
                "instance_termination_action": "",
                "local_ssd_recovery_timeout": [],
                "min_node_cpus": 0,
                "node_affinities": [],
                "on_host_maintenance": "MIGRATE",
                "preemptible": false,
                "provisioning_model": "STANDARD"
              }
            ],
            "scratch_disk": [],
            "self_link": "https://www.googleapis.com/compute/v1/projects/genuine-rope-423613-a9/zones/us-central1-a/instances/example-instance",
            "service_account": [],
            "shielded_instance_config": [
              {
                "enable_integrity_monitoring": true,
                "enable_secure_boot": false,
                "enable_vtpm": true
              }
            ],
            "tags": null,
            "tags_fingerprint": "42WmSpB8rSM=",
            "terraform_labels": {},
            "timeouts": null,
            "zone": "us-central1-a"
          },
          "sensitive_attributes": [],
          "private": "eyJlMmJmYjczMC1lY2FhLTExZTYtOGY4OC0zNDM2M2JjN2M0YzAiOnsiY3JlYXRlIjoxMjAwMDAwMDAwMDAwLCJkZWxldGUiOjEyMDAwMDAwMDAwMDAsInVwZGF0ZSI6MTIwMDAwMDAwMDAwMH0sInNjaGVtYV92ZXJzaW9uIjoiNiJ9"
        }
      ]
    }
  ],
  "check_results": null
}
