{
  "version": 4,
  "terraform_version": "1.5.6",
  "serial": 3,
  "lineage": "d4f768b2-7fa9-c3a1-61c8-f6e8576b6a72",
  "outputs": {},
  "resources": [
    {
      "mode": "managed",
      "type": "google_storage_bucket",
      "name": "example",
      "provider": "provider[\"registry.terraform.io/hashicorp/google\"]",
      "instances": [
        {
          "schema_version": 1,
          "attributes": {
            "autoclass": [],
            "cors": [],
            "custom_placement_config": [],
            "default_event_based_hold": false,
            "effective_labels": {
              "environment": "dev",
              "name": "mybucket"
            },
            "enable_object_retention": false,
            "encryption": [],
            "force_destroy": true,
            "id": "genuine-rope-423613",
            "labels": {
              "environment": "dev",
              "name": "mybucket"
            },
            "lifecycle_rule": [],
            "location": "US",
            "logging": [],
            "name": "genuine-rope-423613",
            "project": "genuine-rope-423613-a9",
            "project_number": 1053231913827,
            "public_access_prevention": "inherited",
            "requester_pays": false,
            "retention_policy": [],
            "rpo": "DEFAULT",
            "self_link": "https://www.googleapis.com/storage/v1/b/genuine-rope-423613",
            "soft_delete_policy": [
              {
                "effective_time": "2024-05-19T14:07:18.594Z",
                "retention_duration_seconds": 604800
              }
            ],
            "storage_class": "STANDARD",
            "terraform_labels": {
              "environment": "dev",
              "name": "mybucket"
            },
            "timeouts": null,
            "uniform_bucket_level_access": true,
            "url": "gs://genuine-rope-423613",
            "versioning": [],
            "website": []
          },
          "sensitive_attributes": [],
          "private": "eyJlMmJmYjczMC1lY2FhLTExZTYtOGY4OC0zNDM2M2JjN2M0YzAiOnsiY3JlYXRlIjo2MDAwMDAwMDAwMDAsInJlYWQiOjI0MDAwMDAwMDAwMCwidXBkYXRlIjoyNDAwMDAwMDAwMDB9LCJzY2hlbWFfdmVyc2lvbiI6IjEifQ=="
        }
      ]
    }
  ],
  "check_results": null
}
